
Microsoft Visual Studio Solution File, Format Version 12.00
# Visual Studio Version 17
VisualStudioVersion = 17.8.34525.116
MinimumVisualStudioVersion = 10.0.40219.1
Project("{FAE04EC0-301F-11D3-BF4B-00C04F79EFBC}") = "ToolManager", "ToolManager.csproj", "{C9CEFF95-FF60-402D-97EE-B6931A214821}"
EndProject
Global
	GlobalSection(SolutionConfigurationPlatforms) = preSolution
		Debug|Any CPU = Debug|Any CPU
		Release|Any CPU = Release|Any CPU
	EndGlobalSection
	GlobalSection(ProjectConfigurationPlatforms) = postSolution
		{C9CEFF95-FF60-402D-97EE-B6931A214821}.Debug|Any CPU.ActiveCfg = Debug|Any CPU
		{C9CEFF95-FF60-402D-97EE-B6931A214821}.Debug|Any CPU.Build.0 = Debug|Any CPU
		{C9CEFF95-FF60-402D-97EE-B6931A214821}.Release|Any CPU.ActiveCfg = Release|Any CPU
		{C9CEFF95-FF60-402D-97EE-B6931A214821}.Release|Any CPU.Build.0 = Release|Any CPU
	EndGlobalSection
	GlobalSection(SolutionProperties) = preSolution
		HideSolutionNode = FALSE
	EndGlobalSection
	GlobalSection(ExtensibilityGlobals) = postSolution
		SolutionGuid = {DB45821F-1B2E-4415-8694-A88FA5C08034}
	EndGlobalSection
EndGlobal
